
Microsoft Visual Studio Solution File, Format Version 12.00
# Visual Studio Version 16
VisualStudioVersion = 16.0.29609.76
MinimumVisualStudioVersion = 10.0.40219.1
Project("{FAE04EC0-301F-11D3-BF4B-00C04F79EFBC}") = "TodosApp", "TodosApp.csproj", "{599B1324-F7D8-4E62-8FEF-78DB0960E981}"
EndProject
Global
	GlobalSection(SolutionConfigurationPlatforms) = preSolution
		Debug|Any CPU = Debug|Any CPU
		Release|Any CPU = Release|Any CPU
	EndGlobalSection
	GlobalSection(ProjectConfigurationPlatforms) = postSolution
		{599B1324-F7D8-4E62-8FEF-78DB0960E981}.Debug|Any CPU.ActiveCfg = Debug|Any CPU
		{599B1324-F7D8-4E62-8FEF-78DB0960E981}.Debug|Any CPU.Build.0 = Debug|Any CPU
		{599B1324-F7D8-4E62-8FEF-78DB0960E981}.Release|Any CPU.ActiveCfg = Release|Any CPU
		{599B1324-F7D8-4E62-8FEF-78DB0960E981}.Release|Any CPU.Build.0 = Release|Any CPU
	EndGlobalSection
	GlobalSection(SolutionProperties) = preSolution
		HideSolutionNode = FALSE
	EndGlobalSection
	GlobalSection(ExtensibilityGlobals) = postSolution
		SolutionGuid = {CF109AB6-4E43-4101-A660-E61F749131F5}
	EndGlobalSection
EndGlobal
